// !$*UTF8*$!
{
	archiveVersion = 1;
	classes = {
	};
	objectVersion = 50;
	objects = {

/* Begin PBXBuildFile section */
		D7255CB726A0D3530048F5D4 /* AppDelegate.swift in Sources */ = {isa = PBXBuildFile; fileRef = D7255CB626A0D3530048F5D4 /* AppDelegate.swift */; };
		D7255CB926A0D3530048F5D4 /* SceneDelegate.swift in Sources */ = {isa = PBXBuildFile; fileRef = D7255CB826A0D3530048F5D4 /* SceneDelegate.swift */; };
		D7255CBB26A0D3530048F5D4 /* ViewController.swift in Sources */ = {isa = PBXBuildFile; fileRef = D7255CBA26A0D3530048F5D4 /* ViewController.swift */; };
		D7255CBE26A0D3530048F5D4 /* Main.storyboard in Resources */ = {isa = PBXBuildFile; fileRef = D7255CBC26A0D3530048F5D4 /* Main.storyboard */; };
		D7255CC126A0D3530048F5D4 /* kwkAboutMe.xcdatamodeld in Sources */ = {isa = PBXBuildFile; fileRef = D7255CBF26A0D3530048F5D4 /* kwkAboutMe.xcdatamodeld */; };
		D7255CC326A0D3580048F5D4 /* Assets.xcassets in Resources */ = {isa = PBXBuildFile; fileRef = D7255CC226A0D3580048F5D4 /* Assets.xcassets */; };
		D7255CC626A0D3580048F5D4 /* LaunchScreen.storyboard in Resources */ = {isa = PBXBuildFile; fileRef = D7255CC426A0D3580048F5D4 /* LaunchScreen.storyboard */; };
		D7255CD126A0D3580048F5D4 /* kwkAboutMeTests.swift in Sources */ = {isa = PBXBuildFile; fileRef = D7255CD026A0D3580048F5D4 /* kwkAboutMeTests.swift */; };
		D7255CDC26A0D3580048F5D4 /* kwkAboutMeUITests.swift in Sources */ = {isa = PBXBuildFile; fileRef = D7255CDB26A0D3580048F5D4 /* kwkAboutMeUITests.swift */; };
/* End PBXBuildFile section */

/* Begin PBXContainerItemProxy section */
		D7255CCD26A0D3580048F5D4 /* PBXContainerItemProxy */ = {
			isa = PBXContainerItemProxy;
			containerPortal = D7255CAB26A0D3530048F5D4 /* Project object */;
			proxyType = 1;
			remoteGlobalIDString = D7255CB226A0D3530048F5D4;
			remoteInfo = kwkAboutMe;
		};
		D7255CD826A0D3580048F5D4 /* PBXContainerItemProxy */ = {
			isa = PBXContainerItemProxy;
			containerPortal = D7255CAB26A0D3530048F5D4 /* Project object */;
			proxyType = 1;
			remoteGlobalIDString = D7255CB226A0D3530048F5D4;
			remoteInfo = kwkAboutMe;
		};
/* End PBXContainerItemProxy section */

/* Begin PBXFileReference section */
		D7255CB326A0D3530048F5D4 /* kwkAboutMe.app */ = {isa = PBXFileReference; explicitFileType = wrapper.application; includeInIndex = 0; path = kwkAboutMe.app; sourceTree = BUILT_PRODUCTS_DIR; };
		D7255CB626A0D3530048F5D4 /* AppDelegate.swift */ = {isa = PBXFileReference; lastKnownFileType = sourcecode.swift; path = AppDelegate.swift; sourceTree = "<group>"; };
		D7255CB826A0D3530048F5D4 /* SceneDelegate.swift */ = {isa = PBXFileReference; lastKnownFileType = sourcecode.swift; path = SceneDelegate.swift; sourceTree = "<group>"; };
		D7255CBA26A0D3530048F5D4 /* ViewController.swift */ = {isa = PBXFileReference; lastKnownFileType = sourcecode.swift; path = ViewController.swift; sourceTree = "<group>"; };
		D7255CBD26A0D3530048F5D4 /* Base */ = {isa = PBXFileReference; lastKnownFileType = file.storyboard; name = Base; path = Base.lproj/Main.storyboard; sourceTree = "<group>"; };
		D7255CC026A0D3530048F5D4 /* kwkAboutMe.xcdatamodel */ = {isa = PBXFileReference; lastKnownFileType = wrapper.xcdatamodel; path = kwkAboutMe.xcdatamodel; sourceTree = "<group>"; };
		D7255CC226A0D3580048F5D4 /* Assets.xcassets */ = {isa = PBXFileReference; lastKnownFileType = folder.assetcatalog; path = Assets.xcassets; sourceTree = "<group>"; };
		D7255CC526A0D3580048F5D4 /* Base */ = {isa = PBXFileReference; lastKnownFileType = file.storyboard; name = Base; path = Base.lproj/LaunchScreen.storyboard; sourceTree = "<group>"; };
		D7255CC726A0D3580048F5D4 /* Info.plist */ = {isa = PBXFileReference; lastKnownFileType = text.plist.xml; path = Info.plist; sourceTree = "<group>"; };
		D7255CCC26A0D3580048F5D4 /* kwkAboutMeTests.xctest */ = {isa = PBXFileReference; explicitFileType = wrapper.cfbundle; includeInIndex = 0; path = kwkAboutMeTests.xctest; sourceTree = BUILT_PRODUCTS_DIR; };
		D7255CD026A0D3580048F5D4 /* kwkAboutMeTests.swift */ = {isa = PBXFileReference; lastKnownFileType = sourcecode.swift; path = kwkAboutMeTests.swift; sourceTree = "<group>"; };
		D7255CD226A0D3580048F5D4 /* Info.plist */ = {isa = PBXFileReference; lastKnownFileType = text.plist.xml; path = Info.plist; sourceTree = "<group>"; };
		D7255CD726A0D3580048F5D4 /* kwkAboutMeUITests.xctest */ = {isa = PBXFileReference; explicitFileType = wrapper.cfbundle; includeInIndex = 0; path = kwkAboutMeUITests.xctest; sourceTree = BUILT_PRODUCTS_DIR; };
		D7255CDB26A0D3580048F5D4 /* kwkAboutMeUITests.swift */ = {isa = PBXFileReference; lastKnownFileType = sourcecode.swift; path = kwkAboutMeUITests.swift; sourceTree = "<group>"; };
		D7255CDD26A0D3580048F5D4 /* Info.plist */ = {isa = PBXFileReference; lastKnownFileType = text.plist.xml; path = Info.plist; sourceTree = "<group>"; };
/* End PBXFileReference section */

/* Begin PBXFrameworksBuildPhase section */
		D7255CB026A0D3530048F5D4 /* Frameworks */ = {
			isa = PBXFrameworksBuildPhase;
			buildActionMask = 2147483647;
			files = (
			);
			runOnlyForDeploymentPostprocessing = 0;
		};
		D7255CC926A0D3580048F5D4 /* Frameworks */ = {
			isa = PBXFrameworksBuildPhase;
			buildActionMask = 2147483647;
			files = (
			);
			runOnlyForDeploymentPostprocessing = 0;
		};
		D7255CD426A0D3580048F5D4 /* Frameworks */ = {
			isa = PBXFrameworksBuildPhase;
			buildActionMask = 2147483647;
			files = (
			);
			runOnlyForDeploymentPostprocessing = 0;
		};
/* End PBXFrameworksBuildPhase section */

/* Begin PBXGroup section */
		D7255CAA26A0D3530048F5D4 = {
			isa = PBXGroup;
			children = (
				D7255CB526A0D3530048F5D4 /* kwkAboutMe */,
				D7255CCF26A0D3580048F5D4 /* kwkAboutMeTests */,
				D7255CDA26A0D3580048F5D4 /* kwkAboutMeUITests */,
				D7255CB426A0D3530048F5D4 /* Products */,
			);
			sourceTree = "<group>";
		};
		D7255CB426A0D3530048F5D4 /* Products */ = {
			isa = PBXGroup;
			children = (
				D7255CB326A0D3530048F5D4 /* kwkAboutMe.app */,
				D7255CCC26A0D3580048F5D4 /* kwkAboutMeTests.xctest */,
				D7255CD726A0D3580048F5D4 /* kwkAboutMeUITests.xctest */,
			);
			name = Products;
			sourceTree = "<group>";
		};
		D7255CB526A0D3530048F5D4 /* kwkAboutMe */ = {
			isa = PBXGroup;
			children = (
				D7255CB626A0D3530048F5D4 /* AppDelegate.swift */,
				D7255CB826A0D3530048F5D4 /* SceneDelegate.swift */,
				D7255CBA26A0D3530048F5D4 /* ViewController.swift */,
				D7255CBC26A0D3530048F5D4 /* Main.storyboard */,
				D7255CC226A0D3580048F5D4 /* Assets.xcassets */,
				D7255CC426A0D3580048F5D4 /* LaunchScreen.storyboard */,
				D7255CC726A0D3580048F5D4 /* Info.plist */,
				D7255CBF26A0D3530048F5D4 /* kwkAboutMe.xcdatamodeld */,
			);
			path = kwkAboutMe;
			sourceTree = "<group>";
		};
		D7255CCF26A0D3580048F5D4 /* kwkAboutMeTests */ = {
			isa = PBXGroup;
			children = (
				D7255CD026A0D3580048F5D4 /* kwkAboutMeTests.swift */,
				D7255CD226A0D3580048F5D4 /* Info.plist */,
			);
			path = kwkAboutMeTests;
			sourceTree = "<group>";
		};
		D7255CDA26A0D3580048F5D4 /* kwkAboutMeUITests */ = {
			isa = PBXGroup;
			children = (
				D7255CDB26A0D3580048F5D4 /* kwkAboutMeUITests.swift */,
				D7255CDD26A0D3580048F5D4 /* Info.plist */,
			);
			path = kwkAboutMeUITests;
			sourceTree = "<group>";
		};
/* End PBXGroup section */

/* Begin PBXNativeTarget section */
		D7255CB226A0D3530048F5D4 /* kwkAboutMe */ = {
			isa = PBXNativeTarget;
			buildConfigurationList = D7255CE026A0D3580048F5D4 /* Build configuration list for PBXNativeTarget "kwkAboutMe" */;
			buildPhases = (
				D7255CAF26A0D3530048F5D4 /* Sources */,
				D7255CB026A0D3530048F5D4 /* Frameworks */,
				D7255CB126A0D3530048F5D4 /* Resources */,
			);
			buildRules = (
			);
			dependencies = (
			);
			name = kwkAboutMe;
			productName = kwkAboutMe;
			productReference = D7255CB326A0D3530048F5D4 /* kwkAboutMe.app */;
			productType = "com.apple.product-type.application";
		};
		D7255CCB26A0D3580048F5D4 /* kwkAboutMeTests */ = {
			isa = PBXNativeTarget;
			buildConfigurationList = D7255CE326A0D3580048F5D4 /* Build configuration list for PBXNativeTarget "kwkAboutMeTests" */;
			buildPhases = (
				D7255CC826A0D3580048F5D4 /* Sources */,
				D7255CC926A0D3580048F5D4 /* Frameworks */,
				D7255CCA26A0D3580048F5D4 /* Resources */,
			);
			buildRules = (
			);
			dependencies = (
				D7255CCE26A0D3580048F5D4 /* PBXTargetDependency */,
			);
			name = kwkAboutMeTests;
			productName = kwkAboutMeTests;
			productReference = D7255CCC26A0D3580048F5D4 /* kwkAboutMeTests.xctest */;
			productType = "com.apple.product-type.bundle.unit-test";
		};
		D7255CD626A0D3580048F5D4 /* kwkAboutMeUITests */ = {
			isa = PBXNativeTarget;
			buildConfigurationList = D7255CE626A0D3580048F5D4 /* Build configuration list for PBXNativeTarget "kwkAboutMeUITests" */;
			buildPhases = (
				D7255CD326A0D3580048F5D4 /* Sources */,
				D7255CD426A0D3580048F5D4 /* Frameworks */,
				D7255CD526A0D3580048F5D4 /* Resources */,
			);
			buildRules = (
			);
			dependencies = (
				D7255CD926A0D3580048F5D4 /* PBXTargetDependency */,
			);
			name = kwkAboutMeUITests;
			productName = kwkAboutMeUITests;
			productReference = D7255CD726A0D3580048F5D4 /* kwkAboutMeUITests.xctest */;
			productType = "com.apple.product-type.bundle.ui-testing";
		};
/* End PBXNativeTarget section */

/* Begin PBXProject section */
		D7255CAB26A0D3530048F5D4 /* Project object */ = {
			isa = PBXProject;
			attributes = {
				LastSwiftUpdateCheck = 1250;
				LastUpgradeCheck = 1250;
				TargetAttributes = {
					D7255CB226A0D3530048F5D4 = {
						CreatedOnToolsVersion = 12.5.1;
					};
					D7255CCB26A0D3580048F5D4 = {
						CreatedOnToolsVersion = 12.5.1;
						TestTargetID = D7255CB226A0D3530048F5D4;
					};
					D7255CD626A0D3580048F5D4 = {
						CreatedOnToolsVersion = 12.5.1;
						TestTargetID = D7255CB226A0D3530048F5D4;
					};
				};
			};
			buildConfigurationList = D7255CAE26A0D3530048F5D4 /* Build configuration list for PBXProject "kwkAboutMe" */;
			compatibilityVersion = "Xcode 9.3";
			developmentRegion = en;
			hasScannedForEncodings = 0;
			knownRegions = (
				en,
				Base,
			);
			mainGroup = D7255CAA26A0D3530048F5D4;
			productRefGroup = D7255CB426A0D3530048F5D4 /* Products */;
			projectDirPath = "";
			projectRoot = "";
			targets = (
				D7255CB226A0D3530048F5D4 /* kwkAboutMe */,
				D7255CCB26A0D3580048F5D4 /* kwkAboutMeTests */,
				D7255CD626A0D3580048F5D4 /* kwkAboutMeUITests */,
			);
		};
/* End PBXProject section */

/* Begin PBXResourcesBuildPhase section */
		D7255CB126A0D3530048F5D4 /* Resources */ = {
			isa = PBXResourcesBuildPhase;
			buildActionMask = 2147483647;
			files = (
				D7255CC626A0D3580048F5D4 /* LaunchScreen.storyboard in Resources */,
				D7255CC326A0D3580048F5D4 /* Assets.xcassets in Resources */,
				D7255CBE26A0D3530048F5D4 /* Main.storyboard in Resources */,
			);
			runOnlyForDeploymentPostprocessing = 0;
		};
		D7255CCA26A0D3580048F5D4 /* Resources */ = {
			isa = PBXResourcesBuildPhase;
			buildActionMask = 2147483647;
			files = (
			);
			runOnlyForDeploymentPostprocessing = 0;
		};
		D7255CD526A0D3580048F5D4 /* Resources */ = {
			isa = PBXResourcesBuildPhase;
			buildActionMask = 2147483647;
			files = (
			);
			runOnlyForDeploymentPostprocessing = 0;
		};
/* End PBXResourcesBuildPhase section */

/* Begin PBXSourcesBuildPhase section */
		D7255CAF26A0D3530048F5D4 /* Sources */ = {
			isa = PBXSourcesBuildPhase;
			buildActionMask = 2147483647;
			files = (
				D7255CBB26A0D3530048F5D4 /* ViewController.swift in Sources */,
				D7255CC126A0D3530048F5D4 /* kwkAboutMe.xcdatamodeld in Sources */,
				D7255CB726A0D3530048F5D4 /* AppDelegate.swift in Sources */,
				D7255CB926A0D3530048F5D4 /* SceneDelegate.swift in Sources */,
			);
			runOnlyForDeploymentPostprocessing = 0;
		};
		D7255CC826A0D3580048F5D4 /* Sources */ = {
			isa = PBXSourcesBuildPhase;
			buildActionMask = 2147483647;
			files = (
				D7255CD126A0D3580048F5D4 /* kwkAboutMeTests.swift in Sources */,
			);
			runOnlyForDeploymentPostprocessing = 0;
		};
		D7255CD326A0D3580048F5D4 /* Sources */ = {
			isa = PBXSourcesBuildPhase;
			buildActionMask = 2147483647;
			files = (
				D7255CDC26A0D3580048F5D4 /* kwkAboutMeUITests.swift in Sources */,
			);
			runOnlyForDeploymentPostprocessing = 0;
		};
/* End PBXSourcesBuildPhase section */

/* Begin PBXTargetDependency section */
		D7255CCE26A0D3580048F5D4 /* PBXTargetDependency */ = {
			isa = PBXTargetDependency;
			target = D7255CB226A0D3530048F5D4 /* kwkAboutMe */;
			targetProxy = D7255CCD26A0D3580048F5D4 /* PBXContainerItemProxy */;
		};
		D7255CD926A0D3580048F5D4 /* PBXTargetDependency */ = {
			isa = PBXTargetDependency;
			target = D7255CB226A0D3530048F5D4 /* kwkAboutMe */;
			targetProxy = D7255CD826A0D3580048F5D4 /* PBXContainerItemProxy */;
		};
/* End PBXTargetDependency section */

/* Begin PBXVariantGroup section */
		D7255CBC26A0D3530048F5D4 /* Main.storyboard */ = {
			isa = PBXVariantGroup;
			children = (
				D7255CBD26A0D3530048F5D4 /* Base */,
			);
			name = Main.storyboard;
			sourceTree = "<group>";
		};
		D7255CC426A0D3580048F5D4 /* LaunchScreen.storyboard */ = {
			isa = PBXVariantGroup;
			children = (
				D7255CC526A0D3580048F5D4 /* Base */,
			);
			name = LaunchScreen.storyboard;
			sourceTree = "<group>";
		};
/* End PBXVariantGroup section */

/* Begin XCBuildConfiguration section */
		D7255CDE26A0D3580048F5D4 /* Debug */ = {
			isa = XCBuildConfiguration;
			buildSettings = {
				ALWAYS_SEARCH_USER_PATHS = NO;
				CLANG_ANALYZER_NONNULL = YES;
				CLANG_ANALYZER_NUMBER_OBJECT_CONVERSION = YES_AGGRESSIVE;
				CLANG_CXX_LANGUAGE_STANDARD = "gnu++14";
				CLANG_CXX_LIBRARY = "libc++";
				CLANG_ENABLE_MODULES = YES;
				CLANG_ENABLE_OBJC_ARC = YES;
				CLANG_ENABLE_OBJC_WEAK = YES;
				CLANG_WARN_BLOCK_CAPTURE_AUTORELEASING = YES;
				CLANG_WARN_BOOL_CONVERSION = YES;
				CLANG_WARN_COMMA = YES;
				CLANG_WARN_CONSTANT_CONVERSION = YES;
				CLANG_WARN_DEPRECATED_OBJC_IMPLEMENTATIONS = YES;
				CLANG_WARN_DIRECT_OBJC_ISA_USAGE = YES_ERROR;
				CLANG_WARN_DOCUMENTATION_COMMENTS = YES;
				CLANG_WARN_EMPTY_BODY = YES;
				CLANG_WARN_ENUM_CONVERSION = YES;
				CLANG_WARN_INFINITE_RECURSION = YES;
				CLANG_WARN_INT_CONVERSION = YES;
				CLANG_WARN_NON_LITERAL_NULL_CONVERSION = YES;
				CLANG_WARN_OBJC_IMPLICIT_RETAIN_SELF = YES;
				CLANG_WARN_OBJC_LITERAL_CONVERSION = YES;
				CLANG_WARN_OBJC_ROOT_CLASS = YES_ERROR;
				CLANG_WARN_QUOTED_INCLUDE_IN_FRAMEWORK_HEADER = YES;
				CLANG_WARN_RANGE_LOOP_ANALYSIS = YES;
				CLANG_WARN_STRICT_PROTOTYPES = YES;
				CLANG_WARN_SUSPICIOUS_MOVE = YES;
				CLANG_WARN_UNGUARDED_AVAILABILITY = YES_AGGRESSIVE;
				CLANG_WARN_UNREACHABLE_CODE = YES;
				CLANG_WARN__DUPLICATE_METHOD_MATCH = YES;
				COPY_PHASE_STRIP = NO;
				DEBUG_INFORMATION_FORMAT = dwarf;
				ENABLE_STRICT_OBJC_MSGSEND = YES;
				ENABLE_TESTABILITY = YES;
				GCC_C_LANGUAGE_STANDARD = gnu11;
				GCC_DYNAMIC_NO_PIC = NO;
				GCC_NO_COMMON_BLOCKS = YES;
				GCC_OPTIMIZATION_LEVEL = 0;
				GCC_PREPROCESSOR_DEFINITIONS = (
					"DEBUG=1",
					"$(inherited)",
				);
				GCC_WARN_64_TO_32_BIT_CONVERSION = YES;
				GCC_WARN_ABOUT_RETURN_TYPE = YES_ERROR;
				GCC_WARN_UNDECLARED_SELECTOR = YES;
				GCC_WARN_UNINITIALIZED_AUTOS = YES_AGGRESSIVE;
				GCC_WARN_UNUSED_FUNCTION = YES;
				GCC_WARN_UNUSED_VARIABLE = YES;
				IPHONEOS_DEPLOYMENT_TARGET = 14.5;
				MTL_ENABLE_DEBUG_INFO = INCLUDE_SOURCE;
				MTL_FAST_MATH = YES;
				ONLY_ACTIVE_ARCH = YES;
				SDKROOT = iphoneos;
				SWIFT_ACTIVE_COMPILATION_CONDITIONS = DEBUG;
				SWIFT_OPTIMIZATION_LEVEL = "-Onone";
			};
			name = Debug;
		};
		D7255CDF26A0D3580048F5D4 /* Release */ = {
			isa = XCBuildConfiguration;
			buildSettings = {
				ALWAYS_SEARCH_USER_PATHS = NO;
				CLANG_ANALYZER_NONNULL = YES;
				CLANG_ANALYZER_NUMBER_OBJECT_CONVERSION = YES_AGGRESSIVE;
				CLANG_CXX_LANGUAGE_STANDARD = "gnu++14";
				CLANG_CXX_LIBRARY = "libc++";
				CLANG_ENABLE_MODULES = YES;
				CLANG_ENABLE_OBJC_ARC = YES;
				CLANG_ENABLE_OBJC_WEAK = YES;
				CLANG_WARN_BLOCK_CAPTURE_AUTORELEASING = YES;
				CLANG_WARN_BOOL_CONVERSION = YES;
				CLANG_WARN_COMMA = YES;
				CLANG_WARN_CONSTANT_CONVERSION = YES;
				CLANG_WARN_DEPRECATED_OBJC_IMPLEMENTATIONS = YES;
				CLANG_WARN_DIRECT_OBJC_ISA_USAGE = YES_ERROR;
				CLANG_WARN_DOCUMENTATION_COMMENTS = YES;
				CLANG_WARN_EMPTY_BODY = YES;
				CLANG_WARN_ENUM_CONVERSION = YES;
				CLANG_WARN_INFINITE_RECURSION = YES;
				CLANG_WARN_INT_CONVERSION = YES;
				CLANG_WARN_NON_LITERAL_NULL_CONVERSION = YES;
				CLANG_WARN_OBJC_IMPLICIT_RETAIN_SELF = YES;
				CLANG_WARN_OBJC_LITERAL_CONVERSION = YES;
				CLANG_WARN_OBJC_ROOT_CLASS = YES_ERROR;
				CLANG_WARN_QUOTED_INCLUDE_IN_FRAMEWORK_HEADER = YES;
				CLANG_WARN_RANGE_LOOP_ANALYSIS = YES;
				CLANG_WARN_STRICT_PROTOTYPES = YES;
				CLANG_WARN_SUSPICIOUS_MOVE = YES;
				CLANG_WARN_UNGUARDED_AVAILABILITY = YES_AGGRESSIVE;
				CLANG_WARN_UNREACHABLE_CODE = YES;
				CLANG_WARN__DUPLICATE_METHOD_MATCH = YES;
				COPY_PHASE_STRIP = NO;
				DEBUG_INFORMATION_FORMAT = "dwarf-with-dsym";
				ENABLE_NS_ASSERTIONS = NO;
				ENABLE_STRICT_OBJC_MSGSEND = YES;
				GCC_C_LANGUAGE_STANDARD = gnu11;
				GCC_NO_COMMON_BLOCKS = YES;
				GCC_WARN_64_TO_32_BIT_CONVERSION = YES;
				GCC_WARN_ABOUT_RETURN_TYPE = YES_ERROR;
				GCC_WARN_UNDECLARED_SELECTOR = YES;
				GCC_WARN_UNINITIALIZED_AUTOS = YES_AGGRESSIVE;
				GCC_WARN_UNUSED_FUNCTION = YES;
				GCC_WARN_UNUSED_VARIABLE = YES;
				IPHONEOS_DEPLOYMENT_TARGET = 14.5;
				MTL_ENABLE_DEBUG_INFO = NO;
				MTL_FAST_MATH = YES;
				SDKROOT = iphoneos;
				SWIFT_COMPILATION_MODE = wholemodule;
				SWIFT_OPTIMIZATION_LEVEL = "-O";
				VALIDATE_PRODUCT = YES;
			};
			name = Release;
		};
		D7255CE126A0D3580048F5D4 /* Debug */ = {
			isa = XCBuildConfiguration;
			buildSettings = {
				ASSETCATALOG_COMPILER_APPICON_NAME = AppIcon;
				ASSETCATALOG_COMPILER_GLOBAL_ACCENT_COLOR_NAME = AccentColor;
				CODE_SIGN_STYLE = Automatic;
				INFOPLIST_FILE = kwkAboutMe/Info.plist;
				LD_RUNPATH_SEARCH_PATHS = (
					"$(inherited)",
					"@executable_path/Frameworks",
				);
				PRODUCT_BUNDLE_IDENTIFIER = "kwk-2021.kwkAboutMe";
				PRODUCT_NAME = "$(TARGET_NAME)";
				SWIFT_VERSION = 5.0;
				TARGETED_DEVICE_FAMILY = "1,2";
			};
			name = Debug;
		};
		D7255CE226A0D3580048F5D4 /* Release */ = {
			isa = XCBuildConfiguration;
			buildSettings = {
				ASSETCATALOG_COMPILER_APPICON_NAME = AppIcon;
				ASSETCATALOG_COMPILER_GLOBAL_ACCENT_COLOR_NAME = AccentColor;
				CODE_SIGN_STYLE = Automatic;
				INFOPLIST_FILE = kwkAboutMe/Info.plist;
				LD_RUNPATH_SEARCH_PATHS = (
					"$(inherited)",
					"@executable_path/Frameworks",
				);
				PRODUCT_BUNDLE_IDENTIFIER = "kwk-2021.kwkAboutMe";
				PRODUCT_NAME = "$(TARGET_NAME)";
				SWIFT_VERSION = 5.0;
				TARGETED_DEVICE_FAMILY = "1,2";
			};
			name = Release;
		};
		D7255CE426A0D3580048F5D4 /* Debug */ = {
			isa = XCBuildConfiguration;
			buildSettings = {
				ALWAYS_EMBED_SWIFT_STANDARD_LIBRARIES = YES;
				BUNDLE_LOADER = "$(TEST_HOST)";
				CODE_SIGN_STYLE = Automatic;
				INFOPLIST_FILE = kwkAboutMeTests/Info.plist;
				IPHONEOS_DEPLOYMENT_TARGET = 14.5;
				LD_RUNPATH_SEARCH_PATHS = (
					"$(inherited)",
					"@executable_path/Frameworks",
					"@loader_path/Frameworks",
				);
				PRODUCT_BUNDLE_IDENTIFIER = "kwk-2021.kwkAboutMeTests";
				PRODUCT_NAME = "$(TARGET_NAME)";
				SWIFT_VERSION = 5.0;
				TARGETED_DEVICE_FAMILY = "1,2";
				TEST_HOST = "$(BUILT_PRODUCTS_DIR)/kwkAboutMe.app/kwkAboutMe";
			};
			name = Debug;
		};
		D7255CE526A0D3580048F5D4 /* Release */ = {
			isa = XCBuildConfiguration;
			buildSettings = {
				ALWAYS_EMBED_SWIFT_STANDARD_LIBRARIES = YES;
				BUNDLE_LOADER = "$(TEST_HOST)";
				CODE_SIGN_STYLE = Automatic;
				INFOPLIST_FILE = kwkAboutMeTests/Info.plist;
				IPHONEOS_DEPLOYMENT_TARGET = 14.5;
				LD_RUNPATH_SEARCH_PATHS = (
					"$(inherited)",
					"@executable_path/Frameworks",
					"@loader_path/Frameworks",
				);
				PRODUCT_BUNDLE_IDENTIFIER = "kwk-2021.kwkAboutMeTests";
				PRODUCT_NAME = "$(TARGET_NAME)";
				SWIFT_VERSION = 5.0;
				TARGETED_DEVICE_FAMILY = "1,2";
				TEST_HOST = "$(BUILT_PRODUCTS_DIR)/kwkAboutMe.app/kwkAboutMe";
			};
			name = Release;
		};
		D7255CE726A0D3580048F5D4 /* Debug */ = {
			isa = XCBuildConfiguration;
			buildSettings = {
				ALWAYS_EMBED_SWIFT_STANDARD_LIBRARIES = YES;
				CODE_SIGN_STYLE = Automatic;
				INFOPLIST_FILE = kwkAboutMeUITests/Info.plist;
				LD_RUNPATH_SEARCH_PATHS = (
					"$(inherited)",
					"@executable_path/Frameworks",
					"@loader_path/Frameworks",
				);
				PRODUCT_BUNDLE_IDENTIFIER = "kwk-2021.kwkAboutMeUITests";
				PRODUCT_NAME = "$(TARGET_NAME)";
				SWIFT_VERSION = 5.0;
				TARGETED_DEVICE_FAMILY = "1,2";
				TEST_TARGET_NAME = kwkAboutMe;
			};
			name = Debug;
		};
		D7255CE826A0D3580048F5D4 /* Release */ = {
			isa = XCBuildConfiguration;
			buildSettings = {
				ALWAYS_EMBED_SWIFT_STANDARD_LIBRARIES = YES;
				CODE_SIGN_STYLE = Automatic;
				INFOPLIST_FILE = kwkAboutMeUITests/Info.plist;
				LD_RUNPATH_SEARCH_PATHS = (
					"$(inherited)",
					"@executable_path/Frameworks",
					"@loader_path/Frameworks",
				);
				PRODUCT_BUNDLE_IDENTIFIER = "kwk-2021.kwkAboutMeUITests";
				PRODUCT_NAME = "$(TARGET_NAME)";
				SWIFT_VERSION = 5.0;
				TARGETED_DEVICE_FAMILY = "1,2";
				TEST_TARGET_NAME = kwkAboutMe;
			};
			name = Release;
		};
/* End XCBuildConfiguration section */

/* Begin XCConfigurationList section */
		D7255CAE26A0D3530048F5D4 /* Build configuration list for PBXProject "kwkAboutMe" */ = {
			isa = XCConfigurationList;
			buildConfigurations = (
				D7255CDE26A0D3580048F5D4 /* Debug */,
				D7255CDF26A0D3580048F5D4 /* Release */,
			);
			defaultConfigurationIsVisible = 0;
			defaultConfigurationName = Release;
		};
		D7255CE026A0D3580048F5D4 /* Build configuration list for PBXNativeTarget "kwkAboutMe" */ = {
			isa = XCConfigurationList;
			buildConfigurations = (
				D7255CE126A0D3580048F5D4 /* Debug */,
				D7255CE226A0D3580048F5D4 /* Release */,
			);
			defaultConfigurationIsVisible = 0;
			defaultConfigurationName = Release;
		};
		D7255CE326A0D3580048F5D4 /* Build configuration list for PBXNativeTarget "kwkAboutMeTests" */ = {
			isa = XCConfigurationList;
			buildConfigurations = (
				D7255CE426A0D3580048F5D4 /* Debug */,
				D7255CE526A0D3580048F5D4 /* Release */,
			);
			defaultConfigurationIsVisible = 0;
			defaultConfigurationName = Release;
		};
		D7255CE626A0D3580048F5D4 /* Build configuration list for PBXNativeTarget "kwkAboutMeUITests" */ = {
			isa = XCConfigurationList;
			buildConfigurations = (
				D7255CE726A0D3580048F5D4 /* Debug */,
				D7255CE826A0D3580048F5D4 /* Release */,
			);
			defaultConfigurationIsVisible = 0;
			defaultConfigurationName = Release;
		};
/* End XCConfigurationList section */

/* Begin XCVersionGroup section */
		D7255CBF26A0D3530048F5D4 /* kwkAboutMe.xcdatamodeld */ = {
			isa = XCVersionGroup;
			children = (
				D7255CC026A0D3530048F5D4 /* kwkAboutMe.xcdatamodel */,
			);
			currentVersion = D7255CC026A0D3530048F5D4 /* kwkAboutMe.xcdatamodel */;
			path = kwkAboutMe.xcdatamodeld;
			sourceTree = "<group>";
			versionGroupType = wrapper.xcdatamodel;
		};
/* End XCVersionGroup section */
	};
	rootObject = D7255CAB26A0D3530048F5D4 /* Project object */;
}
